
Microsoft Visual Studio Solution File, Format Version 12.00
# Visual Studio Version 16
VisualStudioVersion = 16.0.29519.181
MinimumVisualStudioVersion = 10.0.40219.1
Project("{FAE04EC0-301F-11D3-BF4B-00C04F79EFBC}") = "CommandPattern", "CommandPattern\CommandPattern.csproj", "{BB9870CC-BB52-44D4-AE83-A707945AB192}"
EndProject
Project("{FAE04EC0-301F-11D3-BF4B-00C04F79EFBC}") = "IteratorPattern", "IteratorPattern\IteratorPattern.csproj", "{63B4B210-D4D5-4061-B6D1-1649311FEFDC}"
EndProject
Project("{FAE04EC0-301F-11D3-BF4B-00C04F79EFBC}") = "ObserverPattern", "ObserverPattern\ObserverPattern.csproj", "{52E11A20-2CFB-49E8-9C46-2093A2D675D2}"
EndProject
Global
	GlobalSection(SolutionConfigurationPlatforms) = preSolution
		Debug|Any CPU = Debug|Any CPU
		Release|Any CPU = Release|Any CPU
	EndGlobalSection
	GlobalSection(ProjectConfigurationPlatforms) = postSolution
		{BB9870CC-BB52-44D4-AE83-A707945AB192}.Debug|Any CPU.ActiveCfg = Debug|Any CPU
		{BB9870CC-BB52-44D4-AE83-A707945AB192}.Debug|Any CPU.Build.0 = Debug|Any CPU
		{BB9870CC-BB52-44D4-AE83-A707945AB192}.Release|Any CPU.ActiveCfg = Release|Any CPU
		{BB9870CC-BB52-44D4-AE83-A707945AB192}.Release|Any CPU.Build.0 = Release|Any CPU
		{63B4B210-D4D5-4061-B6D1-1649311FEFDC}.Debug|Any CPU.ActiveCfg = Debug|Any CPU
		{63B4B210-D4D5-4061-B6D1-1649311FEFDC}.Debug|Any CPU.Build.0 = Debug|Any CPU
		{63B4B210-D4D5-4061-B6D1-1649311FEFDC}.Release|Any CPU.ActiveCfg = Release|Any CPU
		{63B4B210-D4D5-4061-B6D1-1649311FEFDC}.Release|Any CPU.Build.0 = Release|Any CPU
		{52E11A20-2CFB-49E8-9C46-2093A2D675D2}.Debug|Any CPU.ActiveCfg = Debug|Any CPU
		{52E11A20-2CFB-49E8-9C46-2093A2D675D2}.Debug|Any CPU.Build.0 = Debug|Any CPU
		{52E11A20-2CFB-49E8-9C46-2093A2D675D2}.Release|Any CPU.ActiveCfg = Release|Any CPU
		{52E11A20-2CFB-49E8-9C46-2093A2D675D2}.Release|Any CPU.Build.0 = Release|Any CPU
	EndGlobalSection
	GlobalSection(SolutionProperties) = preSolution
		HideSolutionNode = FALSE
	EndGlobalSection
	GlobalSection(ExtensibilityGlobals) = postSolution
		SolutionGuid = {17EDEB78-47DF-4104-950C-DFAF9951FE6F}
	EndGlobalSection
EndGlobal
