
Microsoft Visual Studio Solution File, Format Version 12.00
# Visual Studio Version 16
VisualStudioVersion = 16.0.29509.3
MinimumVisualStudioVersion = 10.0.40219.1
Project("{9A19103F-16F7-4668-BE54-9A1E7A4F7556}") = "AbstractFactory", "AbstractFactory\AbstractFactory.csproj", "{B15D7EF0-7AEB-4C20-A8B0-A9803A2A4EC6}"
EndProject
Project("{9A19103F-16F7-4668-BE54-9A1E7A4F7556}") = "AbstractFactoryRealWorld", "AbstractFactoryRealWorld\AbstractFactoryRealWorld.csproj", "{E16C0BDD-16EE-48CA-8409-8BC045422EBD}"
EndProject
Project("{FAE04EC0-301F-11D3-BF4B-00C04F79EFBC}") = "FactoryMethod", "FactoryMethod\FactoryMethod.csproj", "{40952F97-3A0A-4F1F-908B-2D83305B08F5}"
EndProject
Project("{FAE04EC0-301F-11D3-BF4B-00C04F79EFBC}") = "FactoryMethodRealWorld", "FactoryMethodRealWorld\FactoryMethodRealWorld.csproj", "{910E30AE-93B2-4559-BC1C-B44C29AC46F6}"
EndProject
Project("{FAE04EC0-301F-11D3-BF4B-00C04F79EFBC}") = "Prototype", "Prototype\Prototype.csproj", "{3ACA46DC-A730-4DB7-ADCB-6EB0392E6FBE}"
EndProject
Project("{FAE04EC0-301F-11D3-BF4B-00C04F79EFBC}") = "PrototypeRealWorld", "PrototypeRealWorld\PrototypeRealWorld.csproj", "{7E5EE7C7-5ECA-492F-9699-E2F8005EE8E8}"
EndProject
Global
	GlobalSection(SolutionConfigurationPlatforms) = preSolution
		Debug|Any CPU = Debug|Any CPU
		Release|Any CPU = Release|Any CPU
	EndGlobalSection
	GlobalSection(ProjectConfigurationPlatforms) = postSolution
		{B15D7EF0-7AEB-4C20-A8B0-A9803A2A4EC6}.Debug|Any CPU.ActiveCfg = Debug|Any CPU
		{B15D7EF0-7AEB-4C20-A8B0-A9803A2A4EC6}.Debug|Any CPU.Build.0 = Debug|Any CPU
		{B15D7EF0-7AEB-4C20-A8B0-A9803A2A4EC6}.Release|Any CPU.ActiveCfg = Release|Any CPU
		{B15D7EF0-7AEB-4C20-A8B0-A9803A2A4EC6}.Release|Any CPU.Build.0 = Release|Any CPU
		{E16C0BDD-16EE-48CA-8409-8BC045422EBD}.Debug|Any CPU.ActiveCfg = Debug|Any CPU
		{E16C0BDD-16EE-48CA-8409-8BC045422EBD}.Debug|Any CPU.Build.0 = Debug|Any CPU
		{E16C0BDD-16EE-48CA-8409-8BC045422EBD}.Release|Any CPU.ActiveCfg = Release|Any CPU
		{E16C0BDD-16EE-48CA-8409-8BC045422EBD}.Release|Any CPU.Build.0 = Release|Any CPU
		{40952F97-3A0A-4F1F-908B-2D83305B08F5}.Debug|Any CPU.ActiveCfg = Debug|Any CPU
		{40952F97-3A0A-4F1F-908B-2D83305B08F5}.Debug|Any CPU.Build.0 = Debug|Any CPU
		{40952F97-3A0A-4F1F-908B-2D83305B08F5}.Release|Any CPU.ActiveCfg = Release|Any CPU
		{40952F97-3A0A-4F1F-908B-2D83305B08F5}.Release|Any CPU.Build.0 = Release|Any CPU
		{910E30AE-93B2-4559-BC1C-B44C29AC46F6}.Debug|Any CPU.ActiveCfg = Debug|Any CPU
		{910E30AE-93B2-4559-BC1C-B44C29AC46F6}.Debug|Any CPU.Build.0 = Debug|Any CPU
		{910E30AE-93B2-4559-BC1C-B44C29AC46F6}.Release|Any CPU.ActiveCfg = Release|Any CPU
		{910E30AE-93B2-4559-BC1C-B44C29AC46F6}.Release|Any CPU.Build.0 = Release|Any CPU
		{3ACA46DC-A730-4DB7-ADCB-6EB0392E6FBE}.Debug|Any CPU.ActiveCfg = Debug|Any CPU
		{3ACA46DC-A730-4DB7-ADCB-6EB0392E6FBE}.Debug|Any CPU.Build.0 = Debug|Any CPU
		{3ACA46DC-A730-4DB7-ADCB-6EB0392E6FBE}.Release|Any CPU.ActiveCfg = Release|Any CPU
		{3ACA46DC-A730-4DB7-ADCB-6EB0392E6FBE}.Release|Any CPU.Build.0 = Release|Any CPU
		{7E5EE7C7-5ECA-492F-9699-E2F8005EE8E8}.Debug|Any CPU.ActiveCfg = Debug|Any CPU
		{7E5EE7C7-5ECA-492F-9699-E2F8005EE8E8}.Debug|Any CPU.Build.0 = Debug|Any CPU
		{7E5EE7C7-5ECA-492F-9699-E2F8005EE8E8}.Release|Any CPU.ActiveCfg = Release|Any CPU
		{7E5EE7C7-5ECA-492F-9699-E2F8005EE8E8}.Release|Any CPU.Build.0 = Release|Any CPU
	EndGlobalSection
	GlobalSection(SolutionProperties) = preSolution
		HideSolutionNode = FALSE
	EndGlobalSection
	GlobalSection(ExtensibilityGlobals) = postSolution
		SolutionGuid = {0AE704C4-0959-4B28-A5BD-2A756F5FE6BC}
	EndGlobalSection
EndGlobal
